
Microsoft Visual Studio Solution File, Format Version 12.00
# Visual Studio 15
VisualStudioVersion = 15.0.26730.12
MinimumVisualStudioVersion = 10.0.40219.1
Project("{FAE04EC0-301F-11D3-BF4B-00C04F79EFBC}") = "HappyMvc", "HappyMvc\HappyMvc.csproj", "{5ED49585-579F-4B8E-A7AE-CB57336E3399}"
EndProject
Project("{FAE04EC0-301F-11D3-BF4B-00C04F79EFBC}") = "HappyMvc.Tests", "HappyMvc.Tests\HappyMvc.Tests.csproj", "{86D9CE65-C99C-46C1-83F1-FD12C87CEEC1}"
EndProject
Global
	GlobalSection(SolutionConfigurationPlatforms) = preSolution
		Debug|Any CPU = Debug|Any CPU
		Release|Any CPU = Release|Any CPU
	EndGlobalSection
	GlobalSection(ProjectConfigurationPlatforms) = postSolution
		{5ED49585-579F-4B8E-A7AE-CB57336E3399}.Debug|Any CPU.ActiveCfg = Debug|Any CPU
		{5ED49585-579F-4B8E-A7AE-CB57336E3399}.Debug|Any CPU.Build.0 = Debug|Any CPU
		{5ED49585-579F-4B8E-A7AE-CB57336E3399}.Release|Any CPU.ActiveCfg = Release|Any CPU
		{5ED49585-579F-4B8E-A7AE-CB57336E3399}.Release|Any CPU.Build.0 = Release|Any CPU
		{86D9CE65-C99C-46C1-83F1-FD12C87CEEC1}.Debug|Any CPU.ActiveCfg = Debug|Any CPU
		{86D9CE65-C99C-46C1-83F1-FD12C87CEEC1}.Debug|Any CPU.Build.0 = Debug|Any CPU
		{86D9CE65-C99C-46C1-83F1-FD12C87CEEC1}.Release|Any CPU.ActiveCfg = Release|Any CPU
		{86D9CE65-C99C-46C1-83F1-FD12C87CEEC1}.Release|Any CPU.Build.0 = Release|Any CPU
	EndGlobalSection
	GlobalSection(SolutionProperties) = preSolution
		HideSolutionNode = FALSE
	EndGlobalSection
	GlobalSection(ExtensibilityGlobals) = postSolution
		SolutionGuid = {3E5A0789-82DC-487E-A0F4-BEA4CF8FEEDB}
	EndGlobalSection
EndGlobal
